// !$*UTF8*$!
{
	archiveVersion = 1;
	classes = {
	};
	objectVersion = 46;
	objects = {

/* Begin PBXBuildFile section */
		1B307CBA19D74CA00010FF16 /* Proximity.swift in Sources */ = {isa = PBXBuildFile; fileRef = 1B307CB919D74CA00010FF16 /* Proximity.swift */; };
		1B41F9A119D5950C0003327A /* main.m in Sources */ = {isa = PBXBuildFile; fileRef = 1B41F9A019D5950C0003327A /* main.m */; };
		1B41F9A419D5950C0003327A /* AppDelegate.m in Sources */ = {isa = PBXBuildFile; fileRef = 1B41F9A319D5950C0003327A /* AppDelegate.m */; };
		1B41F9A719D5950C0003327A /* RootViewController.m in Sources */ = {isa = PBXBuildFile; fileRef = 1B41F9A619D5950C0003327A /* RootViewController.m */; };
		1B41F9AA19D5950C0003327A /* DataViewController.m in Sources */ = {isa = PBXBuildFile; fileRef = 1B41F9A919D5950C0003327A /* DataViewController.m */; };
		1B41F9AD19D5950C0003327A /* ModelController.m in Sources */ = {isa = PBXBuildFile; fileRef = 1B41F9AC19D5950C0003327A /* ModelController.m */; };
		1B41F9B019D5950C0003327A /* Main.storyboard in Resources */ = {isa = PBXBuildFile; fileRef = 1B41F9AE19D5950C0003327A /* Main.storyboard */; };
		1B41F9B219D5950C0003327A /* Images.xcassets in Resources */ = {isa = PBXBuildFile; fileRef = 1B41F9B119D5950C0003327A /* Images.xcassets */; };
		1B41F9B519D5950C0003327A /* LaunchScreen.xib in Resources */ = {isa = PBXBuildFile; fileRef = 1B41F9B319D5950C0003327A /* LaunchScreen.xib */; };
		1B41F9C119D5950C0003327A /* GrantedTests.m in Sources */ = {isa = PBXBuildFile; fileRef = 1B41F9C019D5950C0003327A /* GrantedTests.m */; };
		1B41F9D619D5F9EB0003327A /* Server.swift in Sources */ = {isa = PBXBuildFile; fileRef = 1B41F9D519D5F9EB0003327A /* Server.swift */; };
		1B41F9DE19D5FB4A0003327A /* HttpParser.swift in Sources */ = {isa = PBXBuildFile; fileRef = 1B41F9D919D5FB4A0003327A /* HttpParser.swift */; };
		1B41F9DF19D5FB4A0003327A /* HttpRequest.swift in Sources */ = {isa = PBXBuildFile; fileRef = 1B41F9DA19D5FB4A0003327A /* HttpRequest.swift */; };
		1B41F9E019D5FB4A0003327A /* HttpResponse.swift in Sources */ = {isa = PBXBuildFile; fileRef = 1B41F9DB19D5FB4A0003327A /* HttpResponse.swift */; };
		1B41F9E119D5FB4A0003327A /* HttpServer.swift in Sources */ = {isa = PBXBuildFile; fileRef = 1B41F9DC19D5FB4A0003327A /* HttpServer.swift */; };
		1B41F9E219D5FB4A0003327A /* Socket.swift in Sources */ = {isa = PBXBuildFile; fileRef = 1B41F9DD19D5FB4A0003327A /* Socket.swift */; };
		1B41F9E819D5FE8D0003327A /* test.json in Resources */ = {isa = PBXBuildFile; fileRef = 1B41F9E719D5FE8D0003327A /* test.json */; };
		1B41F9ED19D6086F0003327A /* giphy.mp4 in Resources */ = {isa = PBXBuildFile; fileRef = 1B41F9EC19D6067D0003327A /* giphy.mp4 */; };
		1BD0504619D64A2F003E56DC /* Sender.swift in Sources */ = {isa = PBXBuildFile; fileRef = 1BD0504519D64A2F003E56DC /* Sender.swift */; };
/* End PBXBuildFile section */

/* Begin PBXContainerItemProxy section */
		1B41F9BB19D5950C0003327A /* PBXContainerItemProxy */ = {
			isa = PBXContainerItemProxy;
			containerPortal = 1B41F99319D5950C0003327A /* Project object */;
			proxyType = 1;
			remoteGlobalIDString = 1B41F99A19D5950C0003327A;
			remoteInfo = Granted;
		};
/* End PBXContainerItemProxy section */

/* Begin PBXFileReference section */
		1B307CB919D74CA00010FF16 /* Proximity.swift */ = {isa = PBXFileReference; fileEncoding = 4; lastKnownFileType = sourcecode.swift; name = Proximity.swift; path = DeviceContext/Proximity.swift; sourceTree = "<group>"; };
		1B41F99B19D5950C0003327A /* Granted.app */ = {isa = PBXFileReference; explicitFileType = wrapper.application; includeInIndex = 0; path = Granted.app; sourceTree = BUILT_PRODUCTS_DIR; };
		1B41F99F19D5950C0003327A /* Info.plist */ = {isa = PBXFileReference; lastKnownFileType = text.plist.xml; path = Info.plist; sourceTree = "<group>"; };
		1B41F9A019D5950C0003327A /* main.m */ = {isa = PBXFileReference; lastKnownFileType = sourcecode.c.objc; path = main.m; sourceTree = "<group>"; };
		1B41F9A219D5950C0003327A /* AppDelegate.h */ = {isa = PBXFileReference; lastKnownFileType = sourcecode.c.h; path = AppDelegate.h; sourceTree = "<group>"; };
		1B41F9A319D5950C0003327A /* AppDelegate.m */ = {isa = PBXFileReference; lastKnownFileType = sourcecode.c.objc; path = AppDelegate.m; sourceTree = "<group>"; };
		1B41F9A519D5950C0003327A /* RootViewController.h */ = {isa = PBXFileReference; lastKnownFileType = sourcecode.c.h; path = RootViewController.h; sourceTree = "<group>"; };
		1B41F9A619D5950C0003327A /* RootViewController.m */ = {isa = PBXFileReference; lastKnownFileType = sourcecode.c.objc; path = RootViewController.m; sourceTree = "<group>"; };
		1B41F9A819D5950C0003327A /* DataViewController.h */ = {isa = PBXFileReference; lastKnownFileType = sourcecode.c.h; path = DataViewController.h; sourceTree = "<group>"; };
		1B41F9A919D5950C0003327A /* DataViewController.m */ = {isa = PBXFileReference; lastKnownFileType = sourcecode.c.objc; path = DataViewController.m; sourceTree = "<group>"; };
		1B41F9AB19D5950C0003327A /* ModelController.h */ = {isa = PBXFileReference; lastKnownFileType = sourcecode.c.h; path = ModelController.h; sourceTree = "<group>"; };
		1B41F9AC19D5950C0003327A /* ModelController.m */ = {isa = PBXFileReference; lastKnownFileType = sourcecode.c.objc; path = ModelController.m; sourceTree = "<group>"; };
		1B41F9AF19D5950C0003327A /* Base */ = {isa = PBXFileReference; lastKnownFileType = file.storyboard; name = Base; path = Base.lproj/Main.storyboard; sourceTree = "<group>"; };
		1B41F9B119D5950C0003327A /* Images.xcassets */ = {isa = PBXFileReference; lastKnownFileType = folder.assetcatalog; path = Images.xcassets; sourceTree = "<group>"; };
		1B41F9B419D5950C0003327A /* Base */ = {isa = PBXFileReference; lastKnownFileType = file.xib; name = Base; path = Base.lproj/LaunchScreen.xib; sourceTree = "<group>"; };
		1B41F9BA19D5950C0003327A /* GrantedTests.xctest */ = {isa = PBXFileReference; explicitFileType = wrapper.cfbundle; includeInIndex = 0; path = GrantedTests.xctest; sourceTree = BUILT_PRODUCTS_DIR; };
		1B41F9BF19D5950C0003327A /* Info.plist */ = {isa = PBXFileReference; lastKnownFileType = text.plist.xml; path = Info.plist; sourceTree = "<group>"; };
		1B41F9C019D5950C0003327A /* GrantedTests.m */ = {isa = PBXFileReference; lastKnownFileType = sourcecode.c.objc; path = GrantedTests.m; sourceTree = "<group>"; };
		1B41F9CF19D59DFB0003327A /* NGTextPropertyHolder.h */ = {isa = PBXFileReference; fileEncoding = 4; lastKnownFileType = sourcecode.c.h; path = NGTextPropertyHolder.h; sourceTree = "<group>"; };
		1B41F9D119D5A7070003327A /* README.md */ = {isa = PBXFileReference; fileEncoding = 4; lastKnownFileType = net.daringfireball.markdown; path = README.md; sourceTree = "<group>"; };
		1B41F9D519D5F9EB0003327A /* Server.swift */ = {isa = PBXFileReference; fileEncoding = 4; lastKnownFileType = sourcecode.swift; name = Server.swift; path = HTTPServer/Server.swift; sourceTree = "<group>"; };
		1B41F9D919D5FB4A0003327A /* HttpParser.swift */ = {isa = PBXFileReference; fileEncoding = 4; lastKnownFileType = sourcecode.swift; name = HttpParser.swift; path = HTTPServer/HttpParser.swift; sourceTree = "<group>"; };
		1B41F9DA19D5FB4A0003327A /* HttpRequest.swift */ = {isa = PBXFileReference; fileEncoding = 4; lastKnownFileType = sourcecode.swift; name = HttpRequest.swift; path = HTTPServer/HttpRequest.swift; sourceTree = "<group>"; };
		1B41F9DB19D5FB4A0003327A /* HttpResponse.swift */ = {isa = PBXFileReference; fileEncoding = 4; lastKnownFileType = sourcecode.swift; name = HttpResponse.swift; path = HTTPServer/HttpResponse.swift; sourceTree = "<group>"; };
		1B41F9DC19D5FB4A0003327A /* HttpServer.swift */ = {isa = PBXFileReference; fileEncoding = 4; lastKnownFileType = sourcecode.swift; name = HttpServer.swift; path = HTTPServer/HttpServer.swift; sourceTree = "<group>"; };
		1B41F9DD19D5FB4A0003327A /* Socket.swift */ = {isa = PBXFileReference; fileEncoding = 4; lastKnownFileType = sourcecode.swift; name = Socket.swift; path = HTTPServer/Socket.swift; sourceTree = "<group>"; };
		1B41F9E719D5FE8D0003327A /* test.json */ = {isa = PBXFileReference; fileEncoding = 4; lastKnownFileType = text.json; path = test.json; sourceTree = "<group>"; };
		1B41F9E919D6005F0003327A /* Granted-Bridging-Header.h */ = {isa = PBXFileReference; fileEncoding = 4; lastKnownFileType = sourcecode.c.h; path = "Granted-Bridging-Header.h"; sourceTree = "<group>"; };
		1B41F9EC19D6067D0003327A /* giphy.mp4 */ = {isa = PBXFileReference; lastKnownFileType = file; path = giphy.mp4; sourceTree = "<group>"; };
		1BD0504519D64A2F003E56DC /* Sender.swift */ = {isa = PBXFileReference; fileEncoding = 4; lastKnownFileType = sourcecode.swift; name = Sender.swift; path = HTTPSender/Sender.swift; sourceTree = "<group>"; };
/* End PBXFileReference section */

/* Begin PBXFrameworksBuildPhase section */
		1B41F99819D5950C0003327A /* Frameworks */ = {
			isa = PBXFrameworksBuildPhase;
			buildActionMask = 2147483647;
			files = (
			);
			runOnlyForDeploymentPostprocessing = 0;
		};
		1B41F9B719D5950C0003327A /* Frameworks */ = {
			isa = PBXFrameworksBuildPhase;
			buildActionMask = 2147483647;
			files = (
			);
			runOnlyForDeploymentPostprocessing = 0;
		};
/* End PBXFrameworksBuildPhase section */

/* Begin PBXGroup section */
		1B307CB819D74C800010FF16 /* DeviceContext */ = {
			isa = PBXGroup;
			children = (
				1B307CB919D74CA00010FF16 /* Proximity.swift */,
			);
			name = DeviceContext;
			sourceTree = "<group>";
		};
		1B41F99219D5950C0003327A = {
			isa = PBXGroup;
			children = (
				1B41F9D119D5A7070003327A /* README.md */,
				1B41F9E619D5FE8D0003327A /* Resources */,
				1B41F99D19D5950C0003327A /* Granted */,
				1B41F9BD19D5950C0003327A /* GrantedTests */,
				1B41F99C19D5950C0003327A /* Products */,
			);
			sourceTree = "<group>";
		};
		1B41F99C19D5950C0003327A /* Products */ = {
			isa = PBXGroup;
			children = (
				1B41F99B19D5950C0003327A /* Granted.app */,
				1B41F9BA19D5950C0003327A /* GrantedTests.xctest */,
			);
			name = Products;
			sourceTree = "<group>";
		};
		1B41F99D19D5950C0003327A /* Granted */ = {
			isa = PBXGroup;
			children = (
				1B307CB819D74C800010FF16 /* DeviceContext */,
				1BD0504419D64A16003E56DC /* HTTPSender */,
				1B41F9D319D5F9BC0003327A /* HTTPServer */,
				1B41F9CE19D59DB20003327A /* ProxiesAndDelegates */,
				1B41F9CB19D595730003327A /* AppDelegates */,
				1B41F9CC19D595800003327A /* ViewControllers */,
				1B41F9CD19D5958D0003327A /* ModelControllers */,
				1B41F9CA19D5951B0003327A /* UI */,
				1B41F99E19D5950C0003327A /* Supporting Files */,
			);
			path = Granted;
			sourceTree = "<group>";
		};
		1B41F99E19D5950C0003327A /* Supporting Files */ = {
			isa = PBXGroup;
			children = (
				1B41F99F19D5950C0003327A /* Info.plist */,
				1B41F9A019D5950C0003327A /* main.m */,
			);
			path = "Supporting Files";
			sourceTree = "<group>";
		};
		1B41F9BD19D5950C0003327A /* GrantedTests */ = {
			isa = PBXGroup;
			children = (
				1B41F9C019D5950C0003327A /* GrantedTests.m */,
				1B41F9BE19D5950C0003327A /* Supporting Files */,
			);
			path = GrantedTests;
			sourceTree = "<group>";
		};
		1B41F9BE19D5950C0003327A /* Supporting Files */ = {
			isa = PBXGroup;
			children = (
				1B41F9BF19D5950C0003327A /* Info.plist */,
			);
			path = "Supporting Files";
			sourceTree = "<group>";
		};
		1B41F9CA19D5951B0003327A /* UI */ = {
			isa = PBXGroup;
			children = (
				1B41F9AE19D5950C0003327A /* Main.storyboard */,
				1B41F9B119D5950C0003327A /* Images.xcassets */,
				1B41F9B319D5950C0003327A /* LaunchScreen.xib */,
			);
			path = UI;
			sourceTree = "<group>";
		};
		1B41F9CB19D595730003327A /* AppDelegates */ = {
			isa = PBXGroup;
			children = (
				1B41F9A219D5950C0003327A /* AppDelegate.h */,
				1B41F9A319D5950C0003327A /* AppDelegate.m */,
			);
			path = AppDelegates;
			sourceTree = "<group>";
		};
		1B41F9CC19D595800003327A /* ViewControllers */ = {
			isa = PBXGroup;
			children = (
				1B41F9A519D5950C0003327A /* RootViewController.h */,
				1B41F9A619D5950C0003327A /* RootViewController.m */,
				1B41F9A819D5950C0003327A /* DataViewController.h */,
				1B41F9A919D5950C0003327A /* DataViewController.m */,
			);
			path = ViewControllers;
			sourceTree = "<group>";
		};
		1B41F9CD19D5958D0003327A /* ModelControllers */ = {
			isa = PBXGroup;
			children = (
				1B41F9AB19D5950C0003327A /* ModelController.h */,
				1B41F9AC19D5950C0003327A /* ModelController.m */,
			);
			path = ModelControllers;
			sourceTree = "<group>";
		};
		1B41F9CE19D59DB20003327A /* ProxiesAndDelegates */ = {
			isa = PBXGroup;
			children = (
				1B41F9CF19D59DFB0003327A /* NGTextPropertyHolder.h */,
			);
			path = ProxiesAndDelegates;
			sourceTree = "<group>";
		};
		1B41F9D319D5F9BC0003327A /* HTTPServer */ = {
			isa = PBXGroup;
			children = (
				1B41F9D919D5FB4A0003327A /* HttpParser.swift */,
				1B41F9DA19D5FB4A0003327A /* HttpRequest.swift */,
				1B41F9DB19D5FB4A0003327A /* HttpResponse.swift */,
				1B41F9DC19D5FB4A0003327A /* HttpServer.swift */,
				1B41F9DD19D5FB4A0003327A /* Socket.swift */,
				1B41F9D519D5F9EB0003327A /* Server.swift */,
				1B41F9E919D6005F0003327A /* Granted-Bridging-Header.h */,
			);
			name = HTTPServer;
			sourceTree = "<group>";
		};
		1B41F9E619D5FE8D0003327A /* Resources */ = {
			isa = PBXGroup;
			children = (
				1B41F9EC19D6067D0003327A /* giphy.mp4 */,
				1B41F9E719D5FE8D0003327A /* test.json */,
			);
			path = Resources;
			sourceTree = "<group>";
		};
		1BD0504419D64A16003E56DC /* HTTPSender */ = {
			isa = PBXGroup;
			children = (
				1BD0504519D64A2F003E56DC /* Sender.swift */,
			);
			name = HTTPSender;
			sourceTree = "<group>";
		};
/* End PBXGroup section */

/* Begin PBXNativeTarget section */
		1B41F99A19D5950C0003327A /* Granted */ = {
			isa = PBXNativeTarget;
			buildConfigurationList = 1B41F9C419D5950C0003327A /* Build configuration list for PBXNativeTarget "Granted" */;
			buildPhases = (
				1B41F99719D5950C0003327A /* Sources */,
				1B41F99819D5950C0003327A /* Frameworks */,
				1B41F99919D5950C0003327A /* Resources */,
			);
			buildRules = (
			);
			dependencies = (
			);
			name = Granted;
			productName = Granted;
			productReference = 1B41F99B19D5950C0003327A /* Granted.app */;
			productType = "com.apple.product-type.application";
		};
		1B41F9B919D5950C0003327A /* GrantedTests */ = {
			isa = PBXNativeTarget;
			buildConfigurationList = 1B41F9C719D5950C0003327A /* Build configuration list for PBXNativeTarget "GrantedTests" */;
			buildPhases = (
				1B41F9B619D5950C0003327A /* Sources */,
				1B41F9B719D5950C0003327A /* Frameworks */,
				1B41F9B819D5950C0003327A /* Resources */,
			);
			buildRules = (
			);
			dependencies = (
				1B41F9BC19D5950C0003327A /* PBXTargetDependency */,
			);
			name = GrantedTests;
			productName = GrantedTests;
			productReference = 1B41F9BA19D5950C0003327A /* GrantedTests.xctest */;
			productType = "com.apple.product-type.bundle.unit-test";
		};
/* End PBXNativeTarget section */

/* Begin PBXProject section */
		1B41F99319D5950C0003327A /* Project object */ = {
			isa = PBXProject;
			attributes = {
				LastUpgradeCheck = 0600;
				ORGANIZATIONNAME = "James Womack";
				TargetAttributes = {
					1B41F99A19D5950C0003327A = {
						CreatedOnToolsVersion = 6.0.1;
						DevelopmentTeam = 5VF9S3SG45;
					};
					1B41F9B919D5950C0003327A = {
						CreatedOnToolsVersion = 6.0.1;
						TestTargetID = 1B41F99A19D5950C0003327A;
					};
				};
			};
			buildConfigurationList = 1B41F99619D5950C0003327A /* Build configuration list for PBXProject "Granted" */;
			compatibilityVersion = "Xcode 3.2";
			developmentRegion = English;
			hasScannedForEncodings = 0;
			knownRegions = (
				en,
				Base,
			);
			mainGroup = 1B41F99219D5950C0003327A;
			productRefGroup = 1B41F99C19D5950C0003327A /* Products */;
			projectDirPath = "";
			projectRoot = "";
			targets = (
				1B41F99A19D5950C0003327A /* Granted */,
				1B41F9B919D5950C0003327A /* GrantedTests */,
			);
		};
/* End PBXProject section */

/* Begin PBXResourcesBuildPhase section */
		1B41F99919D5950C0003327A /* Resources */ = {
			isa = PBXResourcesBuildPhase;
			buildActionMask = 2147483647;
			files = (
				1B41F9B019D5950C0003327A /* Main.storyboard in Resources */,
				1B41F9ED19D6086F0003327A /* giphy.mp4 in Resources */,
				1B41F9E819D5FE8D0003327A /* test.json in Resources */,
				1B41F9B519D5950C0003327A /* LaunchScreen.xib in Resources */,
				1B41F9B219D5950C0003327A /* Images.xcassets in Resources */,
			);
			runOnlyForDeploymentPostprocessing = 0;
		};
		1B41F9B819D5950C0003327A /* Resources */ = {
			isa = PBXResourcesBuildPhase;
			buildActionMask = 2147483647;
			files = (
			);
			runOnlyForDeploymentPostprocessing = 0;
		};
/* End PBXResourcesBuildPhase section */

/* Begin PBXSourcesBuildPhase section */
		1B41F99719D5950C0003327A /* Sources */ = {
			isa = PBXSourcesBuildPhase;
			buildActionMask = 2147483647;
			files = (
				1B41F9E019D5FB4A0003327A /* HttpResponse.swift in Sources */,
				1B41F9DE19D5FB4A0003327A /* HttpParser.swift in Sources */,
				1B41F9D619D5F9EB0003327A /* Server.swift in Sources */,
				1B41F9AA19D5950C0003327A /* DataViewController.m in Sources */,
				1BD0504619D64A2F003E56DC /* Sender.swift in Sources */,
				1B41F9A419D5950C0003327A /* AppDelegate.m in Sources */,
				1B41F9E119D5FB4A0003327A /* HttpServer.swift in Sources */,
				1B41F9DF19D5FB4A0003327A /* HttpRequest.swift in Sources */,
				1B41F9E219D5FB4A0003327A /* Socket.swift in Sources */,
				1B307CBA19D74CA00010FF16 /* Proximity.swift in Sources */,
				1B41F9AD19D5950C0003327A /* ModelController.m in Sources */,
				1B41F9A119D5950C0003327A /* main.m in Sources */,
				1B41F9A719D5950C0003327A /* RootViewController.m in Sources */,
			);
			runOnlyForDeploymentPostprocessing = 0;
		};
		1B41F9B619D5950C0003327A /* Sources */ = {
			isa = PBXSourcesBuildPhase;
			buildActionMask = 2147483647;
			files = (
				1B41F9C119D5950C0003327A /* GrantedTests.m in Sources */,
			);
			runOnlyForDeploymentPostprocessing = 0;
		};
/* End PBXSourcesBuildPhase section */

/* Begin PBXTargetDependency section */
		1B41F9BC19D5950C0003327A /* PBXTargetDependency */ = {
			isa = PBXTargetDependency;
			target = 1B41F99A19D5950C0003327A /* Granted */;
			targetProxy = 1B41F9BB19D5950C0003327A /* PBXContainerItemProxy */;
		};
/* End PBXTargetDependency section */

/* Begin PBXVariantGroup section */
		1B41F9AE19D5950C0003327A /* Main.storyboard */ = {
			isa = PBXVariantGroup;
			children = (
				1B41F9AF19D5950C0003327A /* Base */,
			);
			name = Main.storyboard;
			sourceTree = "<group>";
		};
		1B41F9B319D5950C0003327A /* LaunchScreen.xib */ = {
			isa = PBXVariantGroup;
			children = (
				1B41F9B419D5950C0003327A /* Base */,
			);
			name = LaunchScreen.xib;
			sourceTree = "<group>";
		};
/* End PBXVariantGroup section */

/* Begin XCBuildConfiguration section */
		1B41F9C219D5950C0003327A /* Debug */ = {
			isa = XCBuildConfiguration;
			buildSettings = {
				ALWAYS_SEARCH_USER_PATHS = NO;
				CLANG_CXX_LANGUAGE_STANDARD = "gnu++0x";
				CLANG_CXX_LIBRARY = "libc++";
				CLANG_ENABLE_MODULES = YES;
				CLANG_ENABLE_OBJC_ARC = YES;
				CLANG_WARN_BOOL_CONVERSION = YES;
				CLANG_WARN_CONSTANT_CONVERSION = YES;
				CLANG_WARN_DIRECT_OBJC_ISA_USAGE = YES_ERROR;
				CLANG_WARN_EMPTY_BODY = YES;
				CLANG_WARN_ENUM_CONVERSION = YES;
				CLANG_WARN_INT_CONVERSION = YES;
				CLANG_WARN_OBJC_ROOT_CLASS = YES_ERROR;
				CLANG_WARN_UNREACHABLE_CODE = YES;
				CLANG_WARN__DUPLICATE_METHOD_MATCH = YES;
				"CODE_SIGN_IDENTITY[sdk=iphoneos*]" = "iPhone Developer";
				COPY_PHASE_STRIP = NO;
				ENABLE_STRICT_OBJC_MSGSEND = YES;
				GCC_C_LANGUAGE_STANDARD = gnu99;
				GCC_DYNAMIC_NO_PIC = NO;
				GCC_OPTIMIZATION_LEVEL = 0;
				GCC_PREPROCESSOR_DEFINITIONS = (
					"DEBUG=1",
					"$(inherited)",
				);
				GCC_SYMBOLS_PRIVATE_EXTERN = NO;
				GCC_WARN_64_TO_32_BIT_CONVERSION = YES;
				GCC_WARN_ABOUT_RETURN_TYPE = YES_ERROR;
				GCC_WARN_UNDECLARED_SELECTOR = YES;
				GCC_WARN_UNINITIALIZED_AUTOS = YES_AGGRESSIVE;
				GCC_WARN_UNUSED_FUNCTION = YES;
				GCC_WARN_UNUSED_VARIABLE = YES;
				IPHONEOS_DEPLOYMENT_TARGET = 8.0;
				MTL_ENABLE_DEBUG_INFO = YES;
				ONLY_ACTIVE_ARCH = YES;
				SDKROOT = iphoneos;
				TARGETED_DEVICE_FAMILY = "1,2";
			};
			name = Debug;
		};
		1B41F9C319D5950C0003327A /* Release */ = {
			isa = XCBuildConfiguration;
			buildSettings = {
				ALWAYS_SEARCH_USER_PATHS = NO;
				CLANG_CXX_LANGUAGE_STANDARD = "gnu++0x";
				CLANG_CXX_LIBRARY = "libc++";
				CLANG_ENABLE_MODULES = YES;
				CLANG_ENABLE_OBJC_ARC = YES;
				CLANG_WARN_BOOL_CONVERSION = YES;
				CLANG_WARN_CONSTANT_CONVERSION = YES;
				CLANG_WARN_DIRECT_OBJC_ISA_USAGE = YES_ERROR;
				CLANG_WARN_EMPTY_BODY = YES;
				CLANG_WARN_ENUM_CONVERSION = YES;
				CLANG_WARN_INT_CONVERSION = YES;
				CLANG_WARN_OBJC_ROOT_CLASS = YES_ERROR;
				CLANG_WARN_UNREACHABLE_CODE = YES;
				CLANG_WARN__DUPLICATE_METHOD_MATCH = YES;
				"CODE_SIGN_IDENTITY[sdk=iphoneos*]" = "iPhone Developer";
				COPY_PHASE_STRIP = YES;
				ENABLE_NS_ASSERTIONS = NO;
				ENABLE_STRICT_OBJC_MSGSEND = YES;
				GCC_C_LANGUAGE_STANDARD = gnu99;
				GCC_WARN_64_TO_32_BIT_CONVERSION = YES;
				GCC_WARN_ABOUT_RETURN_TYPE = YES_ERROR;
				GCC_WARN_UNDECLARED_SELECTOR = YES;
				GCC_WARN_UNINITIALIZED_AUTOS = YES_AGGRESSIVE;
				GCC_WARN_UNUSED_FUNCTION = YES;
				GCC_WARN_UNUSED_VARIABLE = YES;
				IPHONEOS_DEPLOYMENT_TARGET = 8.0;
				MTL_ENABLE_DEBUG_INFO = NO;
				SDKROOT = iphoneos;
				TARGETED_DEVICE_FAMILY = "1,2";
				VALIDATE_PRODUCT = YES;
			};
			name = Release;
		};
		1B41F9C519D5950C0003327A /* Debug */ = {
			isa = XCBuildConfiguration;
			buildSettings = {
				ASSETCATALOG_COMPILER_APPICON_NAME = AppIcon;
				CLANG_ENABLE_MODULES = YES;
				CODE_SIGN_IDENTITY = "iPhone Developer";
				INFOPLIST_FILE = "Granted/Supporting Files/Info.plist";
				LD_RUNPATH_SEARCH_PATHS = "$(inherited) @executable_path/Frameworks";
				PRODUCT_NAME = "$(TARGET_NAME)";
				SWIFT_OBJC_BRIDGING_HEADER = "Granted/Granted-Bridging-Header.h";
				SWIFT_OPTIMIZATION_LEVEL = "-Onone";
			};
			name = Debug;
		};
		1B41F9C619D5950C0003327A /* Release */ = {
			isa = XCBuildConfiguration;
			buildSettings = {
				ASSETCATALOG_COMPILER_APPICON_NAME = AppIcon;
				CLANG_ENABLE_MODULES = YES;
				CODE_SIGN_IDENTITY = "iPhone Developer";
				INFOPLIST_FILE = "Granted/Supporting Files/Info.plist";
				LD_RUNPATH_SEARCH_PATHS = "$(inherited) @executable_path/Frameworks";
				PRODUCT_NAME = "$(TARGET_NAME)";
				SWIFT_OBJC_BRIDGING_HEADER = "Granted/Granted-Bridging-Header.h";
			};
			name = Release;
		};
		1B41F9C819D5950C0003327A /* Debug */ = {
			isa = XCBuildConfiguration;
			buildSettings = {
				BUNDLE_LOADER = "$(TEST_HOST)";
				FRAMEWORK_SEARCH_PATHS = (
					"$(SDKROOT)/Developer/Library/Frameworks",
					"$(inherited)",
				);
				GCC_PREPROCESSOR_DEFINITIONS = (
					"DEBUG=1",
					"$(inherited)",
				);
				INFOPLIST_FILE = "GrantedTests/Supporting Files/Info.plist";
				LD_RUNPATH_SEARCH_PATHS = "$(inherited) @executable_path/Frameworks @loader_path/Frameworks";
				PRODUCT_NAME = "$(TARGET_NAME)";
				TEST_HOST = "$(BUILT_PRODUCTS_DIR)/Granted.app/Granted";
			};
			name = Debug;
		};
		1B41F9C919D5950C0003327A /* Release */ = {
			isa = XCBuildConfiguration;
			buildSettings = {
				BUNDLE_LOADER = "$(TEST_HOST)";
				FRAMEWORK_SEARCH_PATHS = (
					"$(SDKROOT)/Developer/Library/Frameworks",
					"$(inherited)",
				);
				INFOPLIST_FILE = "GrantedTests/Supporting Files/Info.plist";
				LD_RUNPATH_SEARCH_PATHS = "$(inherited) @executable_path/Frameworks @loader_path/Frameworks";
				PRODUCT_NAME = "$(TARGET_NAME)";
				TEST_HOST = "$(BUILT_PRODUCTS_DIR)/Granted.app/Granted";
			};
			name = Release;
		};
/* End XCBuildConfiguration section */

/* Begin XCConfigurationList section */
		1B41F99619D5950C0003327A /* Build configuration list for PBXProject "Granted" */ = {
			isa = XCConfigurationList;
			buildConfigurations = (
				1B41F9C219D5950C0003327A /* Debug */,
				1B41F9C319D5950C0003327A /* Release */,
			);
			defaultConfigurationIsVisible = 0;
			defaultConfigurationName = Release;
		};
		1B41F9C419D5950C0003327A /* Build configuration list for PBXNativeTarget "Granted" */ = {
			isa = XCConfigurationList;
			buildConfigurations = (
				1B41F9C519D5950C0003327A /* Debug */,
				1B41F9C619D5950C0003327A /* Release */,
			);
			defaultConfigurationIsVisible = 0;
			defaultConfigurationName = Release;
		};
		1B41F9C719D5950C0003327A /* Build configuration list for PBXNativeTarget "GrantedTests" */ = {
			isa = XCConfigurationList;
			buildConfigurations = (
				1B41F9C819D5950C0003327A /* Debug */,
				1B41F9C919D5950C0003327A /* Release */,
			);
			defaultConfigurationIsVisible = 0;
			defaultConfigurationName = Release;
		};
/* End XCConfigurationList section */
	};
	rootObject = 1B41F99319D5950C0003327A /* Project object */;
}
